
Microsoft Visual Studio Solution File, Format Version 12.00
# Visual Studio Version 16
VisualStudioVersion = 16.0.30621.155
MinimumVisualStudioVersion = 10.0.40219.1
Project("{FAE04EC0-301F-11D3-BF4B-00C04F79EFBC}") = "ConsoleAppShop", "ConsoleAppShop\ConsoleAppShop.csproj", "{2AA6FD4F-2F27-4EAA-A2C9-9EC3EC365C48}"
EndProject
Global
	GlobalSection(SolutionConfigurationPlatforms) = preSolution
		Debug|Any CPU = Debug|Any CPU
		Release|Any CPU = Release|Any CPU
	EndGlobalSection
	GlobalSection(ProjectConfigurationPlatforms) = postSolution
		{2AA6FD4F-2F27-4EAA-A2C9-9EC3EC365C48}.Debug|Any CPU.ActiveCfg = Debug|Any CPU
		{2AA6FD4F-2F27-4EAA-A2C9-9EC3EC365C48}.Debug|Any CPU.Build.0 = Debug|Any CPU
		{2AA6FD4F-2F27-4EAA-A2C9-9EC3EC365C48}.Release|Any CPU.ActiveCfg = Release|Any CPU
		{2AA6FD4F-2F27-4EAA-A2C9-9EC3EC365C48}.Release|Any CPU.Build.0 = Release|Any CPU
	EndGlobalSection
	GlobalSection(SolutionProperties) = preSolution
		HideSolutionNode = FALSE
	EndGlobalSection
	GlobalSection(ExtensibilityGlobals) = postSolution
		SolutionGuid = {88AF4AC8-7F6E-4EB8-AD70-BE72B5A22F62}
	EndGlobalSection
EndGlobal
